
Microsoft Visual Studio Solution File, Format Version 12.00
# Visual Studio Version 16
VisualStudioVersion = 16.0.31019.35
MinimumVisualStudioVersion = 10.0.40219.1
Project("{FAE04EC0-301F-11D3-BF4B-00C04F79EFBC}") = "farm_company_v1", "farm_company_v1\farm_company_v1.csproj", "{96BFFBB3-0944-46F3-B102-D7B67A176A30}"
EndProject
Global
	GlobalSection(SolutionConfigurationPlatforms) = preSolution
		Debug|Any CPU = Debug|Any CPU
		Release|Any CPU = Release|Any CPU
	EndGlobalSection
	GlobalSection(ProjectConfigurationPlatforms) = postSolution
		{96BFFBB3-0944-46F3-B102-D7B67A176A30}.Debug|Any CPU.ActiveCfg = Debug|Any CPU
		{96BFFBB3-0944-46F3-B102-D7B67A176A30}.Debug|Any CPU.Build.0 = Debug|Any CPU
		{96BFFBB3-0944-46F3-B102-D7B67A176A30}.Release|Any CPU.ActiveCfg = Release|Any CPU
		{96BFFBB3-0944-46F3-B102-D7B67A176A30}.Release|Any CPU.Build.0 = Release|Any CPU
	EndGlobalSection
	GlobalSection(SolutionProperties) = preSolution
		HideSolutionNode = FALSE
	EndGlobalSection
	GlobalSection(ExtensibilityGlobals) = postSolution
		SolutionGuid = {C267BC91-6E95-405A-B736-190E313CF7FC}
	EndGlobalSection
EndGlobal
